// !$*UTF8*$!
{
	archiveVersion = 1;
	classes = {
	};
	objectVersion = 55;
	objects = {

/* Begin PBXBuildFile section */
		2B75520A27E4D9A200E53ED8 /* RowItem.swift in Sources */ = {isa = PBXBuildFile; fileRef = 2B75520927E4D9A200E53ED8 /* RowItem.swift */; };
		2B75520D27E8BC6100E53ED8 /* Localizable.strings in Resources */ = {isa = PBXBuildFile; fileRef = 2B75520F27E8BC6100E53ED8 /* Localizable.strings */; };
		2B75521127E8BCF100E53ED8 /* ContentView.swift in Sources */ = {isa = PBXBuildFile; fileRef = 2B77B4F227AAC75800D1FED3 /* ContentView.swift */; };
		2B75521427F313E300E53ED8 /* ContentDataSource.swift in Sources */ = {isa = PBXBuildFile; fileRef = 2BC5344B27E4ACD900F96DE0 /* ContentDataSource.swift */; };
		2B75521527F328F300E53ED8 /* EndlessList.swift in Sources */ = {isa = PBXBuildFile; fileRef = 2BC5344927E4AC9E00F96DE0 /* EndlessList.swift */; };
		2B75521627F328F300E53ED8 /* ContentDataSource.swift in Sources */ = {isa = PBXBuildFile; fileRef = 2BC5344B27E4ACD900F96DE0 /* ContentDataSource.swift */; };
		2B75521727F328F300E53ED8 /* RowItem.swift in Sources */ = {isa = PBXBuildFile; fileRef = 2B75520927E4D9A200E53ED8 /* RowItem.swift */; };
		2B75521827F3292400E53ED8 /* Assets.xcassets in Resources */ = {isa = PBXBuildFile; fileRef = 2B77B4F427AAC75900D1FED3 /* Assets.xcassets */; };
		2B75521927F3292400E53ED8 /* Preview Assets.xcassets in Resources */ = {isa = PBXBuildFile; fileRef = 2B77B4F727AAC75900D1FED3 /* Preview Assets.xcassets */; };
		2B75521A27F3292400E53ED8 /* Localizable.strings in Resources */ = {isa = PBXBuildFile; fileRef = 2B75520F27E8BC6100E53ED8 /* Localizable.strings */; };
		2B75521B27F3294E00E53ED8 /* NewsfeedApp.swift in Sources */ = {isa = PBXBuildFile; fileRef = 2B77B4F027AAC75800D1FED3 /* NewsfeedApp.swift */; };
		2B77B4F127AAC75800D1FED3 /* NewsfeedApp.swift in Sources */ = {isa = PBXBuildFile; fileRef = 2B77B4F027AAC75800D1FED3 /* NewsfeedApp.swift */; };
		2B77B4F327AAC75800D1FED3 /* ContentView.swift in Sources */ = {isa = PBXBuildFile; fileRef = 2B77B4F227AAC75800D1FED3 /* ContentView.swift */; };
		2B77B4F527AAC75900D1FED3 /* Assets.xcassets in Resources */ = {isa = PBXBuildFile; fileRef = 2B77B4F427AAC75900D1FED3 /* Assets.xcassets */; };
		2B77B4F827AAC75900D1FED3 /* Preview Assets.xcassets in Resources */ = {isa = PBXBuildFile; fileRef = 2B77B4F727AAC75900D1FED3 /* Preview Assets.xcassets */; };
		2B77B50C27AAC75900D1FED3 /* NewsfeedAppUITests.swift in Sources */ = {isa = PBXBuildFile; fileRef = 2B77B50B27AAC75900D1FED3 /* NewsfeedAppUITests.swift */; };
		2B77B50E27AAC75900D1FED3 /* NewsfeedAppUITestsLaunchTests.swift in Sources */ = {isa = PBXBuildFile; fileRef = 2B77B50D27AAC75900D1FED3 /* NewsfeedAppUITestsLaunchTests.swift */; };
		2BC5344A27E4AC9E00F96DE0 /* EndlessList.swift in Sources */ = {isa = PBXBuildFile; fileRef = 2BC5344927E4AC9E00F96DE0 /* EndlessList.swift */; };
		2BC5344C27E4ACD900F96DE0 /* ContentDataSource.swift in Sources */ = {isa = PBXBuildFile; fileRef = 2BC5344B27E4ACD900F96DE0 /* ContentDataSource.swift */; };
		2BF9EC0427CCF8270073EC0F /* ContentDataSourceTests.swift in Sources */ = {isa = PBXBuildFile; fileRef = 2B77B50127AAC75900D1FED3 /* ContentDataSourceTests.swift */; };
		ECAF7CA02A13BD49005BAC3B /* HMSSDK in Frameworks */ = {isa = PBXBuildFile; productRef = ECAF7C9F2A13BD49005BAC3B /* HMSSDK */; };
		ECAF7CA42A13BECC005BAC3B /* GeneratedPluginRegistrant.m in Sources */ = {isa = PBXBuildFile; fileRef = ECAF7CA22A13BECB005BAC3B /* GeneratedPluginRegistrant.m */; };
		ECAF7CAB2A13BFA3005BAC3B /* HMSBroadcastExtensionSDK in Frameworks */ = {isa = PBXBuildFile; productRef = ECAF7CAA2A13BFA3005BAC3B /* HMSBroadcastExtensionSDK */; };
		ECBCBCC32A13E3D600F0E79B /* App.xcframework in Frameworks */ = {isa = PBXBuildFile; fileRef = EC53BD6A2A13D3990090EC7C /* App.xcframework */; };
		ECBCBCC42A13E3D600F0E79B /* App.xcframework in Embed Frameworks */ = {isa = PBXBuildFile; fileRef = EC53BD6A2A13D3990090EC7C /* App.xcframework */; settings = {ATTRIBUTES = (CodeSignOnCopy, RemoveHeadersOnCopy, ); }; };
		ECBCBCC52A13E3D600F0E79B /* Flutter.xcframework in Frameworks */ = {isa = PBXBuildFile; fileRef = EC53BD712A13D39A0090EC7C /* Flutter.xcframework */; };
		ECBCBCC62A13E3D600F0E79B /* Flutter.xcframework in Embed Frameworks */ = {isa = PBXBuildFile; fileRef = EC53BD712A13D39A0090EC7C /* Flutter.xcframework */; settings = {ATTRIBUTES = (CodeSignOnCopy, RemoveHeadersOnCopy, ); }; };
		ECBCBCC72A13E3D600F0E79B /* hmssdk_flutter.xcframework in Frameworks */ = {isa = PBXBuildFile; fileRef = EC53BD632A13D3980090EC7C /* hmssdk_flutter.xcframework */; };
		ECBCBCC82A13E3D600F0E79B /* hmssdk_flutter.xcframework in Embed Frameworks */ = {isa = PBXBuildFile; fileRef = EC53BD632A13D3980090EC7C /* hmssdk_flutter.xcframework */; settings = {ATTRIBUTES = (CodeSignOnCopy, RemoveHeadersOnCopy, ); }; };
		ECBCBCC92A13E3D600F0E79B /* path_provider_foundation.xcframework in Frameworks */ = {isa = PBXBuildFile; fileRef = EC53BD6D2A13D3990090EC7C /* path_provider_foundation.xcframework */; };
		ECBCBCCA2A13E3D600F0E79B /* path_provider_foundation.xcframework in Embed Frameworks */ = {isa = PBXBuildFile; fileRef = EC53BD6D2A13D3990090EC7C /* path_provider_foundation.xcframework */; settings = {ATTRIBUTES = (CodeSignOnCopy, RemoveHeadersOnCopy, ); }; };
/* End PBXBuildFile section */

/* Begin PBXContainerItemProxy section */
		2B77B4FE27AAC75900D1FED3 /* PBXContainerItemProxy */ = {
			isa = PBXContainerItemProxy;
			containerPortal = 2B77B4E527AAC75800D1FED3 /* Project object */;
			proxyType = 1;
			remoteGlobalIDString = 2B77B4EC27AAC75800D1FED3;
			remoteInfo = counter_app;
		};
		2B77B50827AAC75900D1FED3 /* PBXContainerItemProxy */ = {
			isa = PBXContainerItemProxy;
			containerPortal = 2B77B4E527AAC75800D1FED3 /* Project object */;
			proxyType = 1;
			remoteGlobalIDString = 2B77B4EC27AAC75800D1FED3;
			remoteInfo = counter_app;
		};
/* End PBXContainerItemProxy section */

/* Begin PBXCopyFilesBuildPhase section */
		ECBCBCCB2A13E3D600F0E79B /* Embed Frameworks */ = {
			isa = PBXCopyFilesBuildPhase;
			buildActionMask = 2147483647;
			dstPath = "";
			dstSubfolderSpec = 10;
			files = (
				ECBCBCCA2A13E3D600F0E79B /* path_provider_foundation.xcframework in Embed Frameworks */,
				ECBCBCC62A13E3D600F0E79B /* Flutter.xcframework in Embed Frameworks */,
				ECBCBCC82A13E3D600F0E79B /* hmssdk_flutter.xcframework in Embed Frameworks */,
				ECBCBCC42A13E3D600F0E79B /* App.xcframework in Embed Frameworks */,
			);
			name = "Embed Frameworks";
			runOnlyForDeploymentPostprocessing = 0;
		};
/* End PBXCopyFilesBuildPhase section */

/* Begin PBXFileReference section */
		2B75520927E4D9A200E53ED8 /* RowItem.swift */ = {isa = PBXFileReference; lastKnownFileType = sourcecode.swift; path = RowItem.swift; sourceTree = "<group>"; };
		2B75520E27E8BC6100E53ED8 /* en */ = {isa = PBXFileReference; lastKnownFileType = text.plist.strings; name = en; path = en.lproj/Localizable.strings; sourceTree = "<group>"; };
		2B77B4ED27AAC75800D1FED3 /* newsfeed_app.app */ = {isa = PBXFileReference; explicitFileType = wrapper.application; includeInIndex = 0; path = newsfeed_app.app; sourceTree = BUILT_PRODUCTS_DIR; };
		2B77B4F027AAC75800D1FED3 /* NewsfeedApp.swift */ = {isa = PBXFileReference; lastKnownFileType = sourcecode.swift; path = NewsfeedApp.swift; sourceTree = "<group>"; };
		2B77B4F227AAC75800D1FED3 /* ContentView.swift */ = {isa = PBXFileReference; lastKnownFileType = sourcecode.swift; path = ContentView.swift; sourceTree = "<group>"; };
		2B77B4F427AAC75900D1FED3 /* Assets.xcassets */ = {isa = PBXFileReference; lastKnownFileType = folder.assetcatalog; path = Assets.xcassets; sourceTree = "<group>"; };
		2B77B4F727AAC75900D1FED3 /* Preview Assets.xcassets */ = {isa = PBXFileReference; lastKnownFileType = folder.assetcatalog; path = "Preview Assets.xcassets"; sourceTree = "<group>"; };
		2B77B4FD27AAC75900D1FED3 /* newsfeed_appTests.xctest */ = {isa = PBXFileReference; explicitFileType = wrapper.cfbundle; includeInIndex = 0; path = newsfeed_appTests.xctest; sourceTree = BUILT_PRODUCTS_DIR; };
		2B77B50127AAC75900D1FED3 /* ContentDataSourceTests.swift */ = {isa = PBXFileReference; lastKnownFileType = sourcecode.swift; path = ContentDataSourceTests.swift; sourceTree = "<group>"; };
		2B77B50727AAC75900D1FED3 /* newsfeed_appUITests.xctest */ = {isa = PBXFileReference; explicitFileType = wrapper.cfbundle; includeInIndex = 0; path = newsfeed_appUITests.xctest; sourceTree = BUILT_PRODUCTS_DIR; };
		2B77B50B27AAC75900D1FED3 /* NewsfeedAppUITests.swift */ = {isa = PBXFileReference; lastKnownFileType = sourcecode.swift; path = NewsfeedAppUITests.swift; sourceTree = "<group>"; };
		2B77B50D27AAC75900D1FED3 /* NewsfeedAppUITestsLaunchTests.swift */ = {isa = PBXFileReference; lastKnownFileType = sourcecode.swift; path = NewsfeedAppUITestsLaunchTests.swift; sourceTree = "<group>"; };
		2BC5344927E4AC9E00F96DE0 /* EndlessList.swift */ = {isa = PBXFileReference; lastKnownFileType = sourcecode.swift; path = EndlessList.swift; sourceTree = "<group>"; };
		2BC5344B27E4ACD900F96DE0 /* ContentDataSource.swift */ = {isa = PBXFileReference; lastKnownFileType = sourcecode.swift; path = ContentDataSource.swift; sourceTree = "<group>"; };
		EC53BD502A13D3950090EC7C /* wakelock.xcframework */ = {isa = PBXFileReference; lastKnownFileType = wrapper.xcframework; name = wakelock.xcframework; path = "../../100ms-flutter/example/build/ios/framework/Release/wakelock.xcframework"; sourceTree = "<group>"; };
		EC53BD512A13D3950090EC7C /* SDWebImage.xcframework */ = {isa = PBXFileReference; lastKnownFileType = wrapper.xcframework; name = SDWebImage.xcframework; path = "../../100ms-flutter/example/build/ios/framework/Release/SDWebImage.xcframework"; sourceTree = "<group>"; };
		EC53BD5B2A13D3970090EC7C /* DKPhotoGallery.xcframework */ = {isa = PBXFileReference; lastKnownFileType = wrapper.xcframework; name = DKPhotoGallery.xcframework; path = "../../100ms-flutter/example/build/ios/framework/Release/DKPhotoGallery.xcframework"; sourceTree = "<group>"; };
		EC53BD5D2A13D3970090EC7C /* DKImagePickerController.xcframework */ = {isa = PBXFileReference; lastKnownFileType = wrapper.xcframework; name = DKImagePickerController.xcframework; path = "../../100ms-flutter/example/build/ios/framework/Release/DKImagePickerController.xcframework"; sourceTree = "<group>"; };
		EC53BD5E2A13D3970090EC7C /* MTBBarcodeScanner.xcframework */ = {isa = PBXFileReference; lastKnownFileType = wrapper.xcframework; name = MTBBarcodeScanner.xcframework; path = "../../100ms-flutter/example/build/ios/framework/Release/MTBBarcodeScanner.xcframework"; sourceTree = "<group>"; };
		EC53BD612A13D3980090EC7C /* SwiftyGif.xcframework */ = {isa = PBXFileReference; lastKnownFileType = wrapper.xcframework; name = SwiftyGif.xcframework; path = "../../100ms-flutter/example/build/ios/framework/Release/SwiftyGif.xcframework"; sourceTree = "<group>"; };
		EC53BD632A13D3980090EC7C /* hmssdk_flutter.xcframework */ = {isa = PBXFileReference; lastKnownFileType = wrapper.xcframework; name = hmssdk_flutter.xcframework; path = "../../100ms-flutter/example/build/ios/framework/Release/hmssdk_flutter.xcframework"; sourceTree = "<group>"; };
		EC53BD642A13D3980090EC7C /* file_picker.xcframework */ = {isa = PBXFileReference; lastKnownFileType = wrapper.xcframework; name = file_picker.xcframework; path = "../../100ms-flutter/example/build/ios/framework/Release/file_picker.xcframework"; sourceTree = "<group>"; };
		EC53BD662A13D3980090EC7C /* shared_preferences_foundation.xcframework */ = {isa = PBXFileReference; lastKnownFileType = wrapper.xcframework; name = shared_preferences_foundation.xcframework; path = "../../100ms-flutter/example/build/ios/framework/Release/shared_preferences_foundation.xcframework"; sourceTree = "<group>"; };
		EC53BD672A13D3980090EC7C /* uni_links.xcframework */ = {isa = PBXFileReference; lastKnownFileType = wrapper.xcframework; name = uni_links.xcframework; path = "../../100ms-flutter/example/build/ios/framework/Release/uni_links.xcframework"; sourceTree = "<group>"; };
		EC53BD692A13D3990090EC7C /* share_plus.xcframework */ = {isa = PBXFileReference; lastKnownFileType = wrapper.xcframework; name = share_plus.xcframework; path = "../../100ms-flutter/example/build/ios/framework/Release/share_plus.xcframework"; sourceTree = "<group>"; };
		EC53BD6A2A13D3990090EC7C /* App.xcframework */ = {isa = PBXFileReference; lastKnownFileType = wrapper.xcframework; name = App.xcframework; path = "../../100ms-flutter/example/build/ios/framework/Release/App.xcframework"; sourceTree = "<group>"; };
		EC53BD6C2A13D3990090EC7C /* image_gallery_saver.xcframework */ = {isa = PBXFileReference; lastKnownFileType = wrapper.xcframework; name = image_gallery_saver.xcframework; path = "../../100ms-flutter/example/build/ios/framework/Release/image_gallery_saver.xcframework"; sourceTree = "<group>"; };
		EC53BD6D2A13D3990090EC7C /* path_provider_foundation.xcframework */ = {isa = PBXFileReference; lastKnownFileType = wrapper.xcframework; name = path_provider_foundation.xcframework; path = "../../100ms-flutter/example/build/ios/framework/Release/path_provider_foundation.xcframework"; sourceTree = "<group>"; };
		EC53BD6F2A13D39A0090EC7C /* qr_code_scanner.xcframework */ = {isa = PBXFileReference; lastKnownFileType = wrapper.xcframework; name = qr_code_scanner.xcframework; path = "../../100ms-flutter/example/build/ios/framework/Release/qr_code_scanner.xcframework"; sourceTree = "<group>"; };
		EC53BD702A13D39A0090EC7C /* permission_handler_apple.xcframework */ = {isa = PBXFileReference; lastKnownFileType = wrapper.xcframework; name = permission_handler_apple.xcframework; path = "../../100ms-flutter/example/build/ios/framework/Release/permission_handler_apple.xcframework"; sourceTree = "<group>"; };
		EC53BD712A13D39A0090EC7C /* Flutter.xcframework */ = {isa = PBXFileReference; lastKnownFileType = wrapper.xcframework; name = Flutter.xcframework; path = "../../100ms-flutter/example/build/ios/framework/Release/Flutter.xcframework"; sourceTree = "<group>"; };
		EC53BD722A13D39A0090EC7C /* flutter_foreground_task.xcframework */ = {isa = PBXFileReference; lastKnownFileType = wrapper.xcframework; name = flutter_foreground_task.xcframework; path = "../../100ms-flutter/example/build/ios/framework/Release/flutter_foreground_task.xcframework"; sourceTree = "<group>"; };
		EC53BD732A13D39A0090EC7C /* package_info_plus.xcframework */ = {isa = PBXFileReference; lastKnownFileType = wrapper.xcframework; name = package_info_plus.xcframework; path = "../../100ms-flutter/example/build/ios/framework/Release/package_info_plus.xcframework"; sourceTree = "<group>"; };
		EC53BD752A13D39A0090EC7C /* url_launcher_ios.xcframework */ = {isa = PBXFileReference; lastKnownFileType = wrapper.xcframework; name = url_launcher_ios.xcframework; path = "../../100ms-flutter/example/build/ios/framework/Release/url_launcher_ios.xcframework"; sourceTree = "<group>"; };
		ECAF7C922A13BBC5005BAC3B /* HMSBroadcastExtensionSDK.xcframework */ = {isa = PBXFileReference; lastKnownFileType = wrapper.xcframework; name = HMSBroadcastExtensionSDK.xcframework; path = ../../../Downloads/HMSBroadcastExtensionSDK.xcframework/HMSBroadcastExtensionSDK.xcframework; sourceTree = "<group>"; };
		ECAF7C952A13BC27005BAC3B /* HMSSDK.xcframework */ = {isa = PBXFileReference; lastKnownFileType = wrapper.xcframework; name = HMSSDK.xcframework; path = ../../../Downloads/HMSSDK.xcframework/HMSSDK.xcframework; sourceTree = "<group>"; };
		ECAF7C982A13BC86005BAC3B /* WebRTC.xcframework */ = {isa = PBXFileReference; lastKnownFileType = wrapper.xcframework; name = WebRTC.xcframework; path = ../../../Downloads/WebRTC.xcframework/WebRTC.xcframework; sourceTree = "<group>"; };
		ECAF7C9B2A13BCBF005BAC3B /* HMSAnalyticsSDK.xcframework */ = {isa = PBXFileReference; lastKnownFileType = wrapper.xcframework; name = HMSAnalyticsSDK.xcframework; path = ../../../Downloads/HMSAnalyticsSDK.xcframework/HMSAnalyticsSDK.xcframework; sourceTree = "<group>"; };
		ECAF7CA12A13BECB005BAC3B /* newsfeed_app-Bridging-Header.h */ = {isa = PBXFileReference; lastKnownFileType = sourcecode.c.h; path = "newsfeed_app-Bridging-Header.h"; sourceTree = "<group>"; };
		ECAF7CA22A13BECB005BAC3B /* GeneratedPluginRegistrant.m */ = {isa = PBXFileReference; fileEncoding = 4; lastKnownFileType = sourcecode.c.objc; path = GeneratedPluginRegistrant.m; sourceTree = "<group>"; };
		ECAF7CA32A13BECC005BAC3B /* GeneratedPluginRegistrant.h */ = {isa = PBXFileReference; fileEncoding = 4; lastKnownFileType = sourcecode.c.h; path = GeneratedPluginRegistrant.h; sourceTree = "<group>"; };
		ECD611DF2A13C79D00721E92 /* newsfeed-app-Info.plist */ = {isa = PBXFileReference; lastKnownFileType = text.plist; path = "newsfeed-app-Info.plist"; sourceTree = "<group>"; };
		ECD611E02A13CD3A00721E92 /* App.xcframework */ = {isa = PBXFileReference; lastKnownFileType = wrapper.xcframework; name = App.xcframework; path = "../../100ms-flutter/sample apps/flutter-quickstart-app/build/ios/framework/Release/App.xcframework"; sourceTree = "<group>"; };
		ECD611E12A13CD3A00721E92 /* Flutter.xcframework */ = {isa = PBXFileReference; lastKnownFileType = wrapper.xcframework; name = Flutter.xcframework; path = "../../100ms-flutter/sample apps/flutter-quickstart-app/build/ios/framework/Release/Flutter.xcframework"; sourceTree = "<group>"; };
		ECD611E22A13CD3A00721E92 /* hmssdk_flutter.xcframework */ = {isa = PBXFileReference; lastKnownFileType = wrapper.xcframework; name = hmssdk_flutter.xcframework; path = "../../100ms-flutter/sample apps/flutter-quickstart-app/build/ios/framework/Release/hmssdk_flutter.xcframework"; sourceTree = "<group>"; };
/* End PBXFileReference section */

/* Begin PBXFrameworksBuildPhase section */
		2B77B4FA27AAC75900D1FED3 /* Frameworks */ = {
			isa = PBXFrameworksBuildPhase;
			buildActionMask = 2147483647;
			files = (
			);
			runOnlyForDeploymentPostprocessing = 0;
		};
		2B77B50427AAC75900D1FED3 /* Frameworks */ = {
			isa = PBXFrameworksBuildPhase;
			buildActionMask = 2147483647;
			files = (
			);
			runOnlyForDeploymentPostprocessing = 0;
		};
		EC846C2B2A13B0AC004EF0E0 /* Frameworks */ = {
			isa = PBXFrameworksBuildPhase;
			buildActionMask = 2147483647;
			files = (
				ECBCBCC52A13E3D600F0E79B /* Flutter.xcframework in Frameworks */,
				ECAF7CA02A13BD49005BAC3B /* HMSSDK in Frameworks */,
				ECAF7CAB2A13BFA3005BAC3B /* HMSBroadcastExtensionSDK in Frameworks */,
				ECBCBCC32A13E3D600F0E79B /* App.xcframework in Frameworks */,
				ECBCBCC92A13E3D600F0E79B /* path_provider_foundation.xcframework in Frameworks */,
				ECBCBCC72A13E3D600F0E79B /* hmssdk_flutter.xcframework in Frameworks */,
			);
			runOnlyForDeploymentPostprocessing = 0;
		};
/* End PBXFrameworksBuildPhase section */

/* Begin PBXGroup section */
		2B77B4E427AAC75800D1FED3 = {
			isa = PBXGroup;
			children = (
				ECD611DF2A13C79D00721E92 /* newsfeed-app-Info.plist */,
				2B77B4EF27AAC75800D1FED3 /* newsfeedApp */,
				2B77B50027AAC75900D1FED3 /* newsfeedAppTests */,
				2B77B50A27AAC75900D1FED3 /* newsfeedAppUITests */,
				2B77B4EE27AAC75800D1FED3 /* Products */,
				74BF8B9963C441F51EA17F64 /* Frameworks */,
			);
			sourceTree = "<group>";
		};
		2B77B4EE27AAC75800D1FED3 /* Products */ = {
			isa = PBXGroup;
			children = (
				2B77B4ED27AAC75800D1FED3 /* newsfeed_app.app */,
				2B77B4FD27AAC75900D1FED3 /* newsfeed_appTests.xctest */,
				2B77B50727AAC75900D1FED3 /* newsfeed_appUITests.xctest */,
			);
			name = Products;
			sourceTree = "<group>";
		};
		2B77B4EF27AAC75800D1FED3 /* newsfeedApp */ = {
			isa = PBXGroup;
			children = (
				ECAF7CA32A13BECC005BAC3B /* GeneratedPluginRegistrant.h */,
				ECAF7CA22A13BECB005BAC3B /* GeneratedPluginRegistrant.m */,
				2B77B4F027AAC75800D1FED3 /* NewsfeedApp.swift */,
				2B77B4F227AAC75800D1FED3 /* ContentView.swift */,
				2B77B4F427AAC75900D1FED3 /* Assets.xcassets */,
				2B77B4F627AAC75900D1FED3 /* Preview Content */,
				2BC5344927E4AC9E00F96DE0 /* EndlessList.swift */,
				2BC5344B27E4ACD900F96DE0 /* ContentDataSource.swift */,
				2B75520927E4D9A200E53ED8 /* RowItem.swift */,
				2B75520F27E8BC6100E53ED8 /* Localizable.strings */,
				ECAF7CA12A13BECB005BAC3B /* newsfeed_app-Bridging-Header.h */,
			);
			path = newsfeedApp;
			sourceTree = "<group>";
		};
		2B77B4F627AAC75900D1FED3 /* Preview Content */ = {
			isa = PBXGroup;
			children = (
				2B77B4F727AAC75900D1FED3 /* Preview Assets.xcassets */,
			);
			path = "Preview Content";
			sourceTree = "<group>";
		};
		2B77B50027AAC75900D1FED3 /* newsfeedAppTests */ = {
			isa = PBXGroup;
			children = (
				2B77B50127AAC75900D1FED3 /* ContentDataSourceTests.swift */,
			);
			path = newsfeedAppTests;
			sourceTree = "<group>";
		};
		2B77B50A27AAC75900D1FED3 /* newsfeedAppUITests */ = {
			isa = PBXGroup;
			children = (
				2B77B50B27AAC75900D1FED3 /* NewsfeedAppUITests.swift */,
				2B77B50D27AAC75900D1FED3 /* NewsfeedAppUITestsLaunchTests.swift */,
			);
			path = newsfeedAppUITests;
			sourceTree = "<group>";
		};
		74BF8B9963C441F51EA17F64 /* Frameworks */ = {
			isa = PBXGroup;
			children = (
				ECD611E02A13CD3A00721E92 /* App.xcframework */,
				EC53BD722A13D39A0090EC7C /* flutter_foreground_task.xcframework */,
				ECD611E12A13CD3A00721E92 /* Flutter.xcframework */,
				ECD611E22A13CD3A00721E92 /* hmssdk_flutter.xcframework */,
				EC53BD6A2A13D3990090EC7C /* App.xcframework */,
				EC53BD5D2A13D3970090EC7C /* DKImagePickerController.xcframework */,
				EC53BD5B2A13D3970090EC7C /* DKPhotoGallery.xcframework */,
				EC53BD642A13D3980090EC7C /* file_picker.xcframework */,
				EC53BD712A13D39A0090EC7C /* Flutter.xcframework */,
				EC53BD632A13D3980090EC7C /* hmssdk_flutter.xcframework */,
				EC53BD6C2A13D3990090EC7C /* image_gallery_saver.xcframework */,
				EC53BD5E2A13D3970090EC7C /* MTBBarcodeScanner.xcframework */,
				EC53BD732A13D39A0090EC7C /* package_info_plus.xcframework */,
				EC53BD6D2A13D3990090EC7C /* path_provider_foundation.xcframework */,
				EC53BD702A13D39A0090EC7C /* permission_handler_apple.xcframework */,
				EC53BD6F2A13D39A0090EC7C /* qr_code_scanner.xcframework */,
				EC53BD512A13D3950090EC7C /* SDWebImage.xcframework */,
				EC53BD692A13D3990090EC7C /* share_plus.xcframework */,
				EC53BD662A13D3980090EC7C /* shared_preferences_foundation.xcframework */,
				EC53BD612A13D3980090EC7C /* SwiftyGif.xcframework */,
				EC53BD672A13D3980090EC7C /* uni_links.xcframework */,
				EC53BD752A13D39A0090EC7C /* url_launcher_ios.xcframework */,
				EC53BD502A13D3950090EC7C /* wakelock.xcframework */,
				ECAF7C9B2A13BCBF005BAC3B /* HMSAnalyticsSDK.xcframework */,
				ECAF7C982A13BC86005BAC3B /* WebRTC.xcframework */,
				ECAF7C952A13BC27005BAC3B /* HMSSDK.xcframework */,
				ECAF7C922A13BBC5005BAC3B /* HMSBroadcastExtensionSDK.xcframework */,
			);
			name = Frameworks;
			sourceTree = "<group>";
		};
/* End PBXGroup section */

/* Begin PBXNativeTarget section */
		2B77B4EC27AAC75800D1FED3 /* newsfeed_app */ = {
			isa = PBXNativeTarget;
			buildConfigurationList = 2B77B51127AAC75900D1FED3 /* Build configuration list for PBXNativeTarget "newsfeed_app" */;
			buildPhases = (
				2B77B4E927AAC75800D1FED3 /* Sources */,
				2B77B4EB27AAC75800D1FED3 /* Resources */,
				EC846C2B2A13B0AC004EF0E0 /* Frameworks */,
				ECBCBCCB2A13E3D600F0E79B /* Embed Frameworks */,
			);
			buildRules = (
			);
			dependencies = (
			);
			name = newsfeed_app;
			packageProductDependencies = (
				ECAF7C9F2A13BD49005BAC3B /* HMSSDK */,
				ECAF7CAA2A13BFA3005BAC3B /* HMSBroadcastExtensionSDK */,
			);
			productName = counter_app;
			productReference = 2B77B4ED27AAC75800D1FED3 /* newsfeed_app.app */;
			productType = "com.apple.product-type.application";
		};
		2B77B4FC27AAC75900D1FED3 /* newsfeed_appTests */ = {
			isa = PBXNativeTarget;
			buildConfigurationList = 2B77B51427AAC75900D1FED3 /* Build configuration list for PBXNativeTarget "newsfeed_appTests" */;
			buildPhases = (
				CFD69496155DE1C288D2072C /* [CP] Check Pods Manifest.lock */,
				47498FDC661DB38C562C2F29 /* [CP-User] Run Flutter Build flutter_nps Script */,
				2B77B4F927AAC75900D1FED3 /* Sources */,
				2B77B4FA27AAC75900D1FED3 /* Frameworks */,
				2B77B4FB27AAC75900D1FED3 /* Resources */,
				9834AA07E0152FEC93AE8472 /* [CP-User] Embed Flutter Build flutter_nps Script */,
			);
			buildRules = (
			);
			dependencies = (
				2B77B4FF27AAC75900D1FED3 /* PBXTargetDependency */,
			);
			name = newsfeed_appTests;
			productName = counter_appTests;
			productReference = 2B77B4FD27AAC75900D1FED3 /* newsfeed_appTests.xctest */;
			productType = "com.apple.product-type.bundle.unit-test";
		};
		2B77B50627AAC75900D1FED3 /* newsfeed_appUITests */ = {
			isa = PBXNativeTarget;
			buildConfigurationList = 2B77B51727AAC75900D1FED3 /* Build configuration list for PBXNativeTarget "newsfeed_appUITests" */;
			buildPhases = (
				A02D8854E52153AD8931F647 /* [CP] Check Pods Manifest.lock */,
				3F73995D8172EDC4A3638C23 /* [CP-User] Run Flutter Build flutter_nps Script */,
				2B77B50327AAC75900D1FED3 /* Sources */,
				2B77B50427AAC75900D1FED3 /* Frameworks */,
				2B77B50527AAC75900D1FED3 /* Resources */,
				44B1E2B84CC019FE22D61E5B /* [CP-User] Embed Flutter Build flutter_nps Script */,
			);
			buildRules = (
			);
			dependencies = (
				2B77B50927AAC75900D1FED3 /* PBXTargetDependency */,
			);
			name = newsfeed_appUITests;
			productName = counter_appUITests;
			productReference = 2B77B50727AAC75900D1FED3 /* newsfeed_appUITests.xctest */;
			productType = "com.apple.product-type.bundle.ui-testing";
		};
/* End PBXNativeTarget section */

/* Begin PBXProject section */
		2B77B4E527AAC75800D1FED3 /* Project object */ = {
			isa = PBXProject;
			attributes = {
				BuildIndependentTargetsInParallel = 1;
				LastSwiftUpdateCheck = 1320;
				LastUpgradeCheck = 1320;
				TargetAttributes = {
					2B77B4EC27AAC75800D1FED3 = {
						CreatedOnToolsVersion = 13.2.1;
						LastSwiftMigration = 1430;
					};
					2B77B4FC27AAC75900D1FED3 = {
						CreatedOnToolsVersion = 13.2.1;
						TestTargetID = 2B77B4EC27AAC75800D1FED3;
					};
					2B77B50627AAC75900D1FED3 = {
						CreatedOnToolsVersion = 13.2.1;
						TestTargetID = 2B77B4EC27AAC75800D1FED3;
					};
				};
			};
			buildConfigurationList = 2B77B4E827AAC75800D1FED3 /* Build configuration list for PBXProject "newsfeed_app" */;
			compatibilityVersion = "Xcode 13.0";
			developmentRegion = en;
			hasScannedForEncodings = 0;
			knownRegions = (
				en,
				Base,
			);
			mainGroup = 2B77B4E427AAC75800D1FED3;
			packageReferences = (
				ECAF7C9E2A13BD49005BAC3B /* XCRemoteSwiftPackageReference "100ms-ios-sdk" */,
				ECAF7CA92A13BFA3005BAC3B /* XCRemoteSwiftPackageReference "100ms-ios-broadcast-sdk" */,
			);
			productRefGroup = 2B77B4EE27AAC75800D1FED3 /* Products */;
			projectDirPath = "";
			projectRoot = "";
			targets = (
				2B77B4EC27AAC75800D1FED3 /* newsfeed_app */,
				2B77B4FC27AAC75900D1FED3 /* newsfeed_appTests */,
				2B77B50627AAC75900D1FED3 /* newsfeed_appUITests */,
			);
		};
/* End PBXProject section */

/* Begin PBXResourcesBuildPhase section */
		2B77B4EB27AAC75800D1FED3 /* Resources */ = {
			isa = PBXResourcesBuildPhase;
			buildActionMask = 2147483647;
			files = (
				2B77B4F827AAC75900D1FED3 /* Preview Assets.xcassets in Resources */,
				2B75520D27E8BC6100E53ED8 /* Localizable.strings in Resources */,
				2B77B4F527AAC75900D1FED3 /* Assets.xcassets in Resources */,
			);
			runOnlyForDeploymentPostprocessing = 0;
		};
		2B77B4FB27AAC75900D1FED3 /* Resources */ = {
			isa = PBXResourcesBuildPhase;
			buildActionMask = 2147483647;
			files = (
			);
			runOnlyForDeploymentPostprocessing = 0;
		};
		2B77B50527AAC75900D1FED3 /* Resources */ = {
			isa = PBXResourcesBuildPhase;
			buildActionMask = 2147483647;
			files = (
				2B75521827F3292400E53ED8 /* Assets.xcassets in Resources */,
				2B75521927F3292400E53ED8 /* Preview Assets.xcassets in Resources */,
				2B75521A27F3292400E53ED8 /* Localizable.strings in Resources */,
			);
			runOnlyForDeploymentPostprocessing = 0;
		};
/* End PBXResourcesBuildPhase section */

/* Begin PBXShellScriptBuildPhase section */
		3F73995D8172EDC4A3638C23 /* [CP-User] Run Flutter Build flutter_nps Script */ = {
			isa = PBXShellScriptBuildPhase;
			buildActionMask = 2147483647;
			files = (
			);
			name = "[CP-User] Run Flutter Build flutter_nps Script";
			runOnlyForDeploymentPostprocessing = 0;
			shellPath = /bin/sh;
			shellScript = "set -e\nset -u\nsource \"${SRCROOT}/../flutter_nps/.ios/Flutter/flutter_export_environment.sh\"\nexport VERBOSE_SCRIPT_LOGGING=1 && \"$FLUTTER_ROOT\"/packages/flutter_tools/bin/xcode_backend.sh build";
		};
		44B1E2B84CC019FE22D61E5B /* [CP-User] Embed Flutter Build flutter_nps Script */ = {
			isa = PBXShellScriptBuildPhase;
			buildActionMask = 2147483647;
			files = (
			);
			name = "[CP-User] Embed Flutter Build flutter_nps Script";
			runOnlyForDeploymentPostprocessing = 0;
			shellPath = /bin/sh;
			shellScript = "set -e\nset -u\nsource \"${SRCROOT}/../flutter_nps/.ios/Flutter/flutter_export_environment.sh\"\nexport VERBOSE_SCRIPT_LOGGING=1 && \"$FLUTTER_ROOT\"/packages/flutter_tools/bin/xcode_backend.sh embed_and_thin";
		};
		47498FDC661DB38C562C2F29 /* [CP-User] Run Flutter Build flutter_nps Script */ = {
			isa = PBXShellScriptBuildPhase;
			buildActionMask = 2147483647;
			files = (
			);
			name = "[CP-User] Run Flutter Build flutter_nps Script";
			runOnlyForDeploymentPostprocessing = 0;
			shellPath = /bin/sh;
			shellScript = "set -e\nset -u\nsource \"${SRCROOT}/../flutter_nps/.ios/Flutter/flutter_export_environment.sh\"\nexport VERBOSE_SCRIPT_LOGGING=1 && \"$FLUTTER_ROOT\"/packages/flutter_tools/bin/xcode_backend.sh build";
		};
		9834AA07E0152FEC93AE8472 /* [CP-User] Embed Flutter Build flutter_nps Script */ = {
			isa = PBXShellScriptBuildPhase;
			buildActionMask = 2147483647;
			files = (
			);
			name = "[CP-User] Embed Flutter Build flutter_nps Script";
			runOnlyForDeploymentPostprocessing = 0;
			shellPath = /bin/sh;
			shellScript = "set -e\nset -u\nsource \"${SRCROOT}/../flutter_nps/.ios/Flutter/flutter_export_environment.sh\"\nexport VERBOSE_SCRIPT_LOGGING=1 && \"$FLUTTER_ROOT\"/packages/flutter_tools/bin/xcode_backend.sh embed_and_thin";
		};
		A02D8854E52153AD8931F647 /* [CP] Check Pods Manifest.lock */ = {
			isa = PBXShellScriptBuildPhase;
			buildActionMask = 2147483647;
			files = (
			);
			inputFileListPaths = (
			);
			inputPaths = (
				"${PODS_PODFILE_DIR_PATH}/Podfile.lock",
				"${PODS_ROOT}/Manifest.lock",
			);
			name = "[CP] Check Pods Manifest.lock";
			outputFileListPaths = (
			);
			outputPaths = (
				"$(DERIVED_FILE_DIR)/Pods-newsfeed_app-newsfeed_appUITests-checkManifestLockResult.txt",
			);
			runOnlyForDeploymentPostprocessing = 0;
			shellPath = /bin/sh;
			shellScript = "diff \"${PODS_PODFILE_DIR_PATH}/Podfile.lock\" \"${PODS_ROOT}/Manifest.lock\" > /dev/null\nif [ $? != 0 ] ; then\n    # print error to STDERR\n    echo \"error: The sandbox is not in sync with the Podfile.lock. Run 'pod install' or update your CocoaPods installation.\" >&2\n    exit 1\nfi\n# This output is used by Xcode 'outputs' to avoid re-running this script phase.\necho \"SUCCESS\" > \"${SCRIPT_OUTPUT_FILE_0}\"\n";
			showEnvVarsInLog = 0;
		};
		CFD69496155DE1C288D2072C /* [CP] Check Pods Manifest.lock */ = {
			isa = PBXShellScriptBuildPhase;
			buildActionMask = 2147483647;
			files = (
			);
			inputFileListPaths = (
			);
			inputPaths = (
				"${PODS_PODFILE_DIR_PATH}/Podfile.lock",
				"${PODS_ROOT}/Manifest.lock",
			);
			name = "[CP] Check Pods Manifest.lock";
			outputFileListPaths = (
			);
			outputPaths = (
				"$(DERIVED_FILE_DIR)/Pods-newsfeed_appTests-checkManifestLockResult.txt",
			);
			runOnlyForDeploymentPostprocessing = 0;
			shellPath = /bin/sh;
			shellScript = "diff \"${PODS_PODFILE_DIR_PATH}/Podfile.lock\" \"${PODS_ROOT}/Manifest.lock\" > /dev/null\nif [ $? != 0 ] ; then\n    # print error to STDERR\n    echo \"error: The sandbox is not in sync with the Podfile.lock. Run 'pod install' or update your CocoaPods installation.\" >&2\n    exit 1\nfi\n# This output is used by Xcode 'outputs' to avoid re-running this script phase.\necho \"SUCCESS\" > \"${SCRIPT_OUTPUT_FILE_0}\"\n";
			showEnvVarsInLog = 0;
		};
/* End PBXShellScriptBuildPhase section */

/* Begin PBXSourcesBuildPhase section */
		2B77B4E927AAC75800D1FED3 /* Sources */ = {
			isa = PBXSourcesBuildPhase;
			buildActionMask = 2147483647;
			files = (
				2BC5344C27E4ACD900F96DE0 /* ContentDataSource.swift in Sources */,
				2BC5344A27E4AC9E00F96DE0 /* EndlessList.swift in Sources */,
				2B77B4F327AAC75800D1FED3 /* ContentView.swift in Sources */,
				2B77B4F127AAC75800D1FED3 /* NewsfeedApp.swift in Sources */,
				2B75520A27E4D9A200E53ED8 /* RowItem.swift in Sources */,
				ECAF7CA42A13BECC005BAC3B /* GeneratedPluginRegistrant.m in Sources */,
			);
			runOnlyForDeploymentPostprocessing = 0;
		};
		2B77B4F927AAC75900D1FED3 /* Sources */ = {
			isa = PBXSourcesBuildPhase;
			buildActionMask = 2147483647;
			files = (
				2B75521427F313E300E53ED8 /* ContentDataSource.swift in Sources */,
				2BF9EC0427CCF8270073EC0F /* ContentDataSourceTests.swift in Sources */,
			);
			runOnlyForDeploymentPostprocessing = 0;
		};
		2B77B50327AAC75900D1FED3 /* Sources */ = {
			isa = PBXSourcesBuildPhase;
			buildActionMask = 2147483647;
			files = (
				2B75521B27F3294E00E53ED8 /* NewsfeedApp.swift in Sources */,
				2B75521527F328F300E53ED8 /* EndlessList.swift in Sources */,
				2B75521627F328F300E53ED8 /* ContentDataSource.swift in Sources */,
				2B75521727F328F300E53ED8 /* RowItem.swift in Sources */,
				2B77B50C27AAC75900D1FED3 /* NewsfeedAppUITests.swift in Sources */,
				2B77B50E27AAC75900D1FED3 /* NewsfeedAppUITestsLaunchTests.swift in Sources */,
				2B75521127E8BCF100E53ED8 /* ContentView.swift in Sources */,
			);
			runOnlyForDeploymentPostprocessing = 0;
		};
/* End PBXSourcesBuildPhase section */

/* Begin PBXTargetDependency section */
		2B77B4FF27AAC75900D1FED3 /* PBXTargetDependency */ = {
			isa = PBXTargetDependency;
			target = 2B77B4EC27AAC75800D1FED3 /* newsfeed_app */;
			targetProxy = 2B77B4FE27AAC75900D1FED3 /* PBXContainerItemProxy */;
		};
		2B77B50927AAC75900D1FED3 /* PBXTargetDependency */ = {
			isa = PBXTargetDependency;
			target = 2B77B4EC27AAC75800D1FED3 /* newsfeed_app */;
			targetProxy = 2B77B50827AAC75900D1FED3 /* PBXContainerItemProxy */;
		};
/* End PBXTargetDependency section */

/* Begin PBXVariantGroup section */
		2B75520F27E8BC6100E53ED8 /* Localizable.strings */ = {
			isa = PBXVariantGroup;
			children = (
				2B75520E27E8BC6100E53ED8 /* en */,
			);
			name = Localizable.strings;
			sourceTree = "<group>";
		};
/* End PBXVariantGroup section */

/* Begin XCBuildConfiguration section */
		2B77B50F27AAC75900D1FED3 /* Debug */ = {
			isa = XCBuildConfiguration;
			buildSettings = {
				ALWAYS_SEARCH_USER_PATHS = NO;
				CLANG_ANALYZER_NONNULL = YES;
				CLANG_ANALYZER_NUMBER_OBJECT_CONVERSION = YES_AGGRESSIVE;
				CLANG_CXX_LANGUAGE_STANDARD = "gnu++17";
				CLANG_CXX_LIBRARY = "libc++";
				CLANG_ENABLE_MODULES = YES;
				CLANG_ENABLE_OBJC_ARC = YES;
				CLANG_ENABLE_OBJC_WEAK = YES;
				CLANG_WARN_BLOCK_CAPTURE_AUTORELEASING = YES;
				CLANG_WARN_BOOL_CONVERSION = YES;
				CLANG_WARN_COMMA = YES;
				CLANG_WARN_CONSTANT_CONVERSION = YES;
				CLANG_WARN_DEPRECATED_OBJC_IMPLEMENTATIONS = YES;
				CLANG_WARN_DIRECT_OBJC_ISA_USAGE = YES_ERROR;
				CLANG_WARN_DOCUMENTATION_COMMENTS = YES;
				CLANG_WARN_EMPTY_BODY = YES;
				CLANG_WARN_ENUM_CONVERSION = YES;
				CLANG_WARN_INFINITE_RECURSION = YES;
				CLANG_WARN_INT_CONVERSION = YES;
				CLANG_WARN_NON_LITERAL_NULL_CONVERSION = YES;
				CLANG_WARN_OBJC_IMPLICIT_RETAIN_SELF = YES;
				CLANG_WARN_OBJC_LITERAL_CONVERSION = YES;
				CLANG_WARN_OBJC_ROOT_CLASS = YES_ERROR;
				CLANG_WARN_QUOTED_INCLUDE_IN_FRAMEWORK_HEADER = YES;
				CLANG_WARN_RANGE_LOOP_ANALYSIS = YES;
				CLANG_WARN_STRICT_PROTOTYPES = YES;
				CLANG_WARN_SUSPICIOUS_MOVE = YES;
				CLANG_WARN_UNGUARDED_AVAILABILITY = YES_AGGRESSIVE;
				CLANG_WARN_UNREACHABLE_CODE = YES;
				CLANG_WARN__DUPLICATE_METHOD_MATCH = YES;
				COPY_PHASE_STRIP = NO;
				DEBUG_INFORMATION_FORMAT = dwarf;
				ENABLE_STRICT_OBJC_MSGSEND = YES;
				ENABLE_TESTABILITY = YES;
				GCC_C_LANGUAGE_STANDARD = gnu11;
				GCC_DYNAMIC_NO_PIC = NO;
				GCC_NO_COMMON_BLOCKS = YES;
				GCC_OPTIMIZATION_LEVEL = 0;
				GCC_PREPROCESSOR_DEFINITIONS = (
					"DEBUG=1",
					"$(inherited)",
				);
				GCC_WARN_64_TO_32_BIT_CONVERSION = YES;
				GCC_WARN_ABOUT_RETURN_TYPE = YES_ERROR;
				GCC_WARN_UNDECLARED_SELECTOR = YES;
				GCC_WARN_UNINITIALIZED_AUTOS = YES_AGGRESSIVE;
				GCC_WARN_UNUSED_FUNCTION = YES;
				GCC_WARN_UNUSED_VARIABLE = YES;
				IPHONEOS_DEPLOYMENT_TARGET = 15.2;
				MTL_ENABLE_DEBUG_INFO = INCLUDE_SOURCE;
				MTL_FAST_MATH = YES;
				ONLY_ACTIVE_ARCH = YES;
				SDKROOT = iphoneos;
				SWIFT_ACTIVE_COMPILATION_CONDITIONS = DEBUG;
				SWIFT_OPTIMIZATION_LEVEL = "-Onone";
			};
			name = Debug;
		};
		2B77B51027AAC75900D1FED3 /* Release */ = {
			isa = XCBuildConfiguration;
			buildSettings = {
				ALWAYS_SEARCH_USER_PATHS = NO;
				CLANG_ANALYZER_NONNULL = YES;
				CLANG_ANALYZER_NUMBER_OBJECT_CONVERSION = YES_AGGRESSIVE;
				CLANG_CXX_LANGUAGE_STANDARD = "gnu++17";
				CLANG_CXX_LIBRARY = "libc++";
				CLANG_ENABLE_MODULES = YES;
				CLANG_ENABLE_OBJC_ARC = YES;
				CLANG_ENABLE_OBJC_WEAK = YES;
				CLANG_WARN_BLOCK_CAPTURE_AUTORELEASING = YES;
				CLANG_WARN_BOOL_CONVERSION = YES;
				CLANG_WARN_COMMA = YES;
				CLANG_WARN_CONSTANT_CONVERSION = YES;
				CLANG_WARN_DEPRECATED_OBJC_IMPLEMENTATIONS = YES;
				CLANG_WARN_DIRECT_OBJC_ISA_USAGE = YES_ERROR;
				CLANG_WARN_DOCUMENTATION_COMMENTS = YES;
				CLANG_WARN_EMPTY_BODY = YES;
				CLANG_WARN_ENUM_CONVERSION = YES;
				CLANG_WARN_INFINITE_RECURSION = YES;
				CLANG_WARN_INT_CONVERSION = YES;
				CLANG_WARN_NON_LITERAL_NULL_CONVERSION = YES;
				CLANG_WARN_OBJC_IMPLICIT_RETAIN_SELF = YES;
				CLANG_WARN_OBJC_LITERAL_CONVERSION = YES;
				CLANG_WARN_OBJC_ROOT_CLASS = YES_ERROR;
				CLANG_WARN_QUOTED_INCLUDE_IN_FRAMEWORK_HEADER = YES;
				CLANG_WARN_RANGE_LOOP_ANALYSIS = YES;
				CLANG_WARN_STRICT_PROTOTYPES = YES;
				CLANG_WARN_SUSPICIOUS_MOVE = YES;
				CLANG_WARN_UNGUARDED_AVAILABILITY = YES_AGGRESSIVE;
				CLANG_WARN_UNREACHABLE_CODE = YES;
				CLANG_WARN__DUPLICATE_METHOD_MATCH = YES;
				COPY_PHASE_STRIP = NO;
				DEBUG_INFORMATION_FORMAT = "dwarf-with-dsym";
				ENABLE_NS_ASSERTIONS = NO;
				ENABLE_STRICT_OBJC_MSGSEND = YES;
				GCC_C_LANGUAGE_STANDARD = gnu11;
				GCC_NO_COMMON_BLOCKS = YES;
				GCC_WARN_64_TO_32_BIT_CONVERSION = YES;
				GCC_WARN_ABOUT_RETURN_TYPE = YES_ERROR;
				GCC_WARN_UNDECLARED_SELECTOR = YES;
				GCC_WARN_UNINITIALIZED_AUTOS = YES_AGGRESSIVE;
				GCC_WARN_UNUSED_FUNCTION = YES;
				GCC_WARN_UNUSED_VARIABLE = YES;
				IPHONEOS_DEPLOYMENT_TARGET = 15.2;
				MTL_ENABLE_DEBUG_INFO = NO;
				MTL_FAST_MATH = YES;
				SDKROOT = iphoneos;
				SWIFT_COMPILATION_MODE = wholemodule;
				SWIFT_OPTIMIZATION_LEVEL = "-O";
				VALIDATE_PRODUCT = YES;
			};
			name = Release;
		};
		2B77B51227AAC75900D1FED3 /* Debug */ = {
			isa = XCBuildConfiguration;
			buildSettings = {
				ASSETCATALOG_COMPILER_APPICON_NAME = AppIcon;
				ASSETCATALOG_COMPILER_GLOBAL_ACCENT_COLOR_NAME = AccentColor;
				CLANG_ENABLE_MODULES = YES;
				CODE_SIGN_STYLE = Automatic;
				CURRENT_PROJECT_VERSION = 1;
				DEVELOPMENT_ASSET_PATHS = "\"newsfeedApp/Preview Content\"";
				DEVELOPMENT_TEAM = 5N85PP82A9;
				ENABLE_PREVIEWS = YES;
				EXCLUDED_ARCHS = "";
				"EXCLUDED_ARCHS[sdk=iphonesimulator*]" = arm64;
				GENERATE_INFOPLIST_FILE = YES;
				INFOPLIST_FILE = "newsfeed-app-Info.plist";
				INFOPLIST_KEY_UIApplicationSceneManifest_Generation = YES;
				INFOPLIST_KEY_UIApplicationSupportsIndirectInputEvents = YES;
				INFOPLIST_KEY_UILaunchScreen_Generation = YES;
				INFOPLIST_KEY_UISupportedInterfaceOrientations_iPad = "UIInterfaceOrientationPortrait UIInterfaceOrientationPortraitUpsideDown UIInterfaceOrientationLandscapeLeft UIInterfaceOrientationLandscapeRight";
				INFOPLIST_KEY_UISupportedInterfaceOrientations_iPhone = "UIInterfaceOrientationPortrait UIInterfaceOrientationLandscapeLeft UIInterfaceOrientationLandscapeRight";
				LD_RUNPATH_SEARCH_PATHS = (
					"$(inherited)",
					"@executable_path/Frameworks",
				);
				MARKETING_VERSION = 1.0;
				PRODUCT_BUNDLE_IDENTIFIER = com.example.newsfeedApp.hms;
				PRODUCT_NAME = "$(TARGET_NAME)";
				SWIFT_EMIT_LOC_STRINGS = YES;
				SWIFT_OBJC_BRIDGING_HEADER = "newsfeedApp/newsfeed_app-Bridging-Header.h";
				SWIFT_OPTIMIZATION_LEVEL = "-Onone";
				SWIFT_VERSION = 5.0;
				"SYSTEM_FRAMEWORK_SEARCH_PATHS[arch=*]" = "${PROJECT_DIR}/../flutter_nps/build/ios/framework/Debug";
				TARGETED_DEVICE_FAMILY = "1,2";
			};
			name = Debug;
		};
		2B77B51327AAC75900D1FED3 /* Release */ = {
			isa = XCBuildConfiguration;
			buildSettings = {
				ASSETCATALOG_COMPILER_APPICON_NAME = AppIcon;
				ASSETCATALOG_COMPILER_GLOBAL_ACCENT_COLOR_NAME = AccentColor;
				CLANG_ENABLE_MODULES = YES;
				CODE_SIGN_STYLE = Automatic;
				CURRENT_PROJECT_VERSION = 1;
				DEVELOPMENT_ASSET_PATHS = "\"newsfeedApp/Preview Content\"";
				DEVELOPMENT_TEAM = 5N85PP82A9;
				ENABLE_PREVIEWS = YES;
				EXCLUDED_ARCHS = "";
				"EXCLUDED_ARCHS[sdk=iphonesimulator*]" = arm64;
				GENERATE_INFOPLIST_FILE = YES;
				INFOPLIST_FILE = "newsfeed-app-Info.plist";
				INFOPLIST_KEY_UIApplicationSceneManifest_Generation = YES;
				INFOPLIST_KEY_UIApplicationSupportsIndirectInputEvents = YES;
				INFOPLIST_KEY_UILaunchScreen_Generation = YES;
				INFOPLIST_KEY_UISupportedInterfaceOrientations_iPad = "UIInterfaceOrientationPortrait UIInterfaceOrientationPortraitUpsideDown UIInterfaceOrientationLandscapeLeft UIInterfaceOrientationLandscapeRight";
				INFOPLIST_KEY_UISupportedInterfaceOrientations_iPhone = "UIInterfaceOrientationPortrait UIInterfaceOrientationLandscapeLeft UIInterfaceOrientationLandscapeRight";
				LD_RUNPATH_SEARCH_PATHS = (
					"$(inherited)",
					"@executable_path/Frameworks",
				);
				MARKETING_VERSION = 1.0;
				PRODUCT_BUNDLE_IDENTIFIER = com.example.newsfeedApp.hms;
				PRODUCT_NAME = "$(TARGET_NAME)";
				SWIFT_EMIT_LOC_STRINGS = YES;
				SWIFT_OBJC_BRIDGING_HEADER = "newsfeedApp/newsfeed_app-Bridging-Header.h";
				SWIFT_VERSION = 5.0;
				"SYSTEM_FRAMEWORK_SEARCH_PATHS[arch=*]" = "${PROJECT_DIR}/../flutter_nps/build/ios/framework/Release";
				TARGETED_DEVICE_FAMILY = "1,2";
			};
			name = Release;
		};
		2B77B51527AAC75900D1FED3 /* Debug */ = {
			isa = XCBuildConfiguration;
			buildSettings = {
				ALWAYS_EMBED_SWIFT_STANDARD_LIBRARIES = YES;
				BUNDLE_LOADER = "$(TEST_HOST)";
				CODE_SIGN_STYLE = Automatic;
				CURRENT_PROJECT_VERSION = 1;
				DEVELOPMENT_TEAM = 5N85PP82A9;
				GENERATE_INFOPLIST_FILE = YES;
				IPHONEOS_DEPLOYMENT_TARGET = 15.2;
				MARKETING_VERSION = 1.0;
				PRODUCT_BUNDLE_IDENTIFIER = com.example.newsfeedAppTests.hms;
				PRODUCT_NAME = "$(TARGET_NAME)";
				SWIFT_EMIT_LOC_STRINGS = NO;
				SWIFT_VERSION = 5.0;
				TARGETED_DEVICE_FAMILY = "1,2";
				TEST_HOST = "$(BUILT_PRODUCTS_DIR)/newsfeed_app.app/newsfeed_app";
			};
			name = Debug;
		};
		2B77B51627AAC75900D1FED3 /* Release */ = {
			isa = XCBuildConfiguration;
			buildSettings = {
				ALWAYS_EMBED_SWIFT_STANDARD_LIBRARIES = YES;
				BUNDLE_LOADER = "$(TEST_HOST)";
				CODE_SIGN_STYLE = Automatic;
				CURRENT_PROJECT_VERSION = 1;
				DEVELOPMENT_TEAM = 5N85PP82A9;
				GENERATE_INFOPLIST_FILE = YES;
				IPHONEOS_DEPLOYMENT_TARGET = 15.2;
				MARKETING_VERSION = 1.0;
				PRODUCT_BUNDLE_IDENTIFIER = com.example.newsfeedAppTests.hms;
				PRODUCT_NAME = "$(TARGET_NAME)";
				SWIFT_EMIT_LOC_STRINGS = NO;
				SWIFT_VERSION = 5.0;
				TARGETED_DEVICE_FAMILY = "1,2";
				TEST_HOST = "$(BUILT_PRODUCTS_DIR)/newsfeed_app.app/newsfeed_app";
			};
			name = Release;
		};
		2B77B51827AAC75900D1FED3 /* Debug */ = {
			isa = XCBuildConfiguration;
			buildSettings = {
				ALWAYS_EMBED_SWIFT_STANDARD_LIBRARIES = YES;
				CODE_SIGN_STYLE = Automatic;
				CURRENT_PROJECT_VERSION = 1;
				DEVELOPMENT_TEAM = 5N85PP82A9;
				GENERATE_INFOPLIST_FILE = YES;
				MARKETING_VERSION = 1.0;
				PRODUCT_BUNDLE_IDENTIFIER = com.example.newsfeedAppUITests.hms;
				PRODUCT_NAME = "$(TARGET_NAME)";
				SWIFT_EMIT_LOC_STRINGS = NO;
				SWIFT_VERSION = 5.0;
				TARGETED_DEVICE_FAMILY = "1,2";
				TEST_TARGET_NAME = newsfeed_app;
			};
			name = Debug;
		};
		2B77B51927AAC75900D1FED3 /* Release */ = {
			isa = XCBuildConfiguration;
			buildSettings = {
				ALWAYS_EMBED_SWIFT_STANDARD_LIBRARIES = YES;
				CODE_SIGN_STYLE = Automatic;
				CURRENT_PROJECT_VERSION = 1;
				DEVELOPMENT_TEAM = 5N85PP82A9;
				GENERATE_INFOPLIST_FILE = YES;
				MARKETING_VERSION = 1.0;
				PRODUCT_BUNDLE_IDENTIFIER = com.example.newsfeedAppUITests.hms;
				PRODUCT_NAME = "$(TARGET_NAME)";
				SWIFT_EMIT_LOC_STRINGS = NO;
				SWIFT_VERSION = 5.0;
				TARGETED_DEVICE_FAMILY = "1,2";
				TEST_TARGET_NAME = newsfeed_app;
			};
			name = Release;
		};
/* End XCBuildConfiguration section */

/* Begin XCConfigurationList section */
		2B77B4E827AAC75800D1FED3 /* Build configuration list for PBXProject "newsfeed_app" */ = {
			isa = XCConfigurationList;
			buildConfigurations = (
				2B77B50F27AAC75900D1FED3 /* Debug */,
				2B77B51027AAC75900D1FED3 /* Release */,
			);
			defaultConfigurationIsVisible = 0;
			defaultConfigurationName = Release;
		};
		2B77B51127AAC75900D1FED3 /* Build configuration list for PBXNativeTarget "newsfeed_app" */ = {
			isa = XCConfigurationList;
			buildConfigurations = (
				2B77B51227AAC75900D1FED3 /* Debug */,
				2B77B51327AAC75900D1FED3 /* Release */,
			);
			defaultConfigurationIsVisible = 0;
			defaultConfigurationName = Release;
		};
		2B77B51427AAC75900D1FED3 /* Build configuration list for PBXNativeTarget "newsfeed_appTests" */ = {
			isa = XCConfigurationList;
			buildConfigurations = (
				2B77B51527AAC75900D1FED3 /* Debug */,
				2B77B51627AAC75900D1FED3 /* Release */,
			);
			defaultConfigurationIsVisible = 0;
			defaultConfigurationName = Release;
		};
		2B77B51727AAC75900D1FED3 /* Build configuration list for PBXNativeTarget "newsfeed_appUITests" */ = {
			isa = XCConfigurationList;
			buildConfigurations = (
				2B77B51827AAC75900D1FED3 /* Debug */,
				2B77B51927AAC75900D1FED3 /* Release */,
			);
			defaultConfigurationIsVisible = 0;
			defaultConfigurationName = Release;
		};
/* End XCConfigurationList section */

/* Begin XCRemoteSwiftPackageReference section */
		ECAF7C9E2A13BD49005BAC3B /* XCRemoteSwiftPackageReference "100ms-ios-sdk" */ = {
			isa = XCRemoteSwiftPackageReference;
			repositoryURL = "https://github.com/100mslive/100ms-ios-sdk.git";
			requirement = {
				kind = upToNextMajorVersion;
				minimumVersion = 0.9.4;
			};
		};
		ECAF7CA92A13BFA3005BAC3B /* XCRemoteSwiftPackageReference "100ms-ios-broadcast-sdk" */ = {
			isa = XCRemoteSwiftPackageReference;
			repositoryURL = "https://github.com/100mslive/100ms-ios-broadcast-sdk";
			requirement = {
				kind = upToNextMajorVersion;
				minimumVersion = 0.0.9;
			};
		};
/* End XCRemoteSwiftPackageReference section */

/* Begin XCSwiftPackageProductDependency section */
		ECAF7C9F2A13BD49005BAC3B /* HMSSDK */ = {
			isa = XCSwiftPackageProductDependency;
			package = ECAF7C9E2A13BD49005BAC3B /* XCRemoteSwiftPackageReference "100ms-ios-sdk" */;
			productName = HMSSDK;
		};
		ECAF7CAA2A13BFA3005BAC3B /* HMSBroadcastExtensionSDK */ = {
			isa = XCSwiftPackageProductDependency;
			package = ECAF7CA92A13BFA3005BAC3B /* XCRemoteSwiftPackageReference "100ms-ios-broadcast-sdk" */;
			productName = HMSBroadcastExtensionSDK;
		};
/* End XCSwiftPackageProductDependency section */
	};
	rootObject = 2B77B4E527AAC75800D1FED3 /* Project object */;
}
